{
  "version": 4,
  "terraform_version": "1.13.4",
  "serial": 1,
  "lineage": "b1e82280-a041-78c8-604a-fee2cb94968e",
  "outputs": {},
  "resources": [
    {
      "mode": "managed",
      "type": "vercel_project",
      "name": "nuxt_social_media",
      "provider": "provider[\"registry.terraform.io/vercel/vercel\"]",
      "instances": [
        {
          "schema_version": 0,
          "attributes": {
            "auto_assign_custom_domains": true,
            "automatically_expose_system_environment_variables": false,
            "build_command": null,
            "build_machine_type": "",
            "customer_success_code_visibility": false,
            "dev_command": null,
            "directory_listing": false,
            "enable_affected_projects_deployments": false,
            "enable_preview_feedback": null,
            "enable_production_feedback": false,
            "environment": null,
            "framework": "nuxtjs",
            "function_failover": false,
            "git_comments": null,
            "git_fork_protection": true,
            "git_lfs": false,
            "git_repository": {
              "deploy_hooks": null,
              "production_branch": "main",
              "repo": "ettouzany/nuxt-social-media",
              "type": "github"
            },
            "id": "prj_tJXgZ2oakmtvAjwvF14ALgvmbhEv",
            "ignore_command": null,
            "install_command": null,
            "name": "nuxt-social-media",
            "node_version": "22.x",
            "oidc_token_config": {
              "issuer_mode": "team"
            },
            "on_demand_concurrent_builds": false,
            "options_allowlist": null,
            "output_directory": null,
            "password_protection": null,
            "preview_comments": null,
            "preview_deployments_disabled": false,
            "prioritise_production_builds": false,
            "protection_bypass_for_automation": null,
            "protection_bypass_for_automation_secret": null,
            "public_source": null,
            "resource_config": {
              "fluid": true,
              "function_default_cpu_type": null,
              "function_default_regions": [
                "iad1"
              ],
              "function_default_timeout": null
            },
            "root_directory": null,
            "serverless_function_region": "iad1",
            "skew_protection": null,
            "team_id": null,
            "trusted_ips": null,
            "vercel_authentication": {
              "deployment_type": "standard_protection_new"
            }
          },
          "sensitive_attributes": [
            [
              {
                "type": "get_attr",
                "value": "protection_bypass_for_automation_secret"
              }
            ]
          ],
          "identity_schema_version": 0
        }
      ]
    }
  ],
  "check_results": null
}
